
Microsoft Visual Studio Solution File, Format Version 12.00
# Visual Studio 15
VisualStudioVersion = 15.0.27703.2000
MinimumVisualStudioVersion = 10.0.40219.1
Project("{9A19103F-16F7-4668-BE54-9A1E7A4F7556}") = "app", "app.csproj", "{05579A01-0EDB-47CA-8FB3-CCFFA7063461}"
EndProject
Global
	GlobalSection(SolutionConfigurationPlatforms) = preSolution
		Debug|Any CPU = Debug|Any CPU
		Release|Any CPU = Release|Any CPU
	EndGlobalSection
	GlobalSection(ProjectConfigurationPlatforms) = postSolution
		{05579A01-0EDB-47CA-8FB3-CCFFA7063461}.Debug|Any CPU.ActiveCfg = Debug|Any CPU
		{05579A01-0EDB-47CA-8FB3-CCFFA7063461}.Debug|Any CPU.Build.0 = Debug|Any CPU
		{05579A01-0EDB-47CA-8FB3-CCFFA7063461}.Release|Any CPU.ActiveCfg = Release|Any CPU
		{05579A01-0EDB-47CA-8FB3-CCFFA7063461}.Release|Any CPU.Build.0 = Release|Any CPU
	EndGlobalSection
	GlobalSection(SolutionProperties) = preSolution
		HideSolutionNode = FALSE
	EndGlobalSection
	GlobalSection(ExtensibilityGlobals) = postSolution
		SolutionGuid = {56879869-7FC5-4308-817B-04E600E63D05}
	EndGlobalSection
EndGlobal
